<?xml version="1.0" encoding="utf-8"?>
<Project ToolsVersion="4.0" xmlns="http://schemas.microsoft.com/developer/msbuild/2003">
  <ItemGroup>
    <Filter Include="Pliki źródłowe">
      <UniqueIdentifier>{4FC737F1-C7A5-4376-A066-2A32D752A2FF}</UniqueIdentifier>
      <Extensions>cpp;c;cc;cxx;def;odl;idl;hpj;bat;asm;asmx</Extensions>
    </Filter>
    <Filter Include="Pliki nagłówkowe">
      <UniqueIdentifier>{93995380-89BD-4b04-88EB-625FBE52EBFB}</UniqueIdentifier>
      <Extensions>h;hh;hpp;hxx;hm;inl;inc;xsd</Extensions>
    </Filter>
    <Filter Include="Pliki zasobów">
      <UniqueIdentifier>{67DA6AB6-F800-4c08-8B7A-83BB121AAD01}</UniqueIdentifier>
      <Extensions>rc;ico;cur;bmp;dlg;rc2;rct;bin;rgs;gif;jpg;jpeg;jpe;resx;tiff;tif;png;wav;mfcribbon-ms</Extensions>
    </Filter>
    <Filter Include="Pliki źródłowe\Classes">
      <UniqueIdentifier>{dcdaac0e-ee9a-45da-beef-3f80e2abbcdf}</UniqueIdentifier>
    </Filter>
    <Filter Include="Pliki nagłówkowe\Classes">
      <UniqueIdentifier>{63776495-ea7d-4fd2-bacb-827df746a2b1}</UniqueIdentifier>
    </Filter>
  </ItemGroup>
  <ItemGroup>
    <ClCompile Include="Main.cpp">
      <Filter>Pliki źródłowe</Filter>
    </ClCompile>
    <ClCompile Include="Functions.cpp">
      <Filter>Pliki źródłowe</Filter>
    </ClCompile>
    <ClCompile Include="Automat.cpp">
      <Filter>Pliki źródłowe\Classes</Filter>
    </ClCompile>
    <ClCompile Include="Nominaly.cpp">
      <Filter>Pliki źródłowe\Classes</Filter>
    </ClCompile>
    <ClCompile Include="Produkt.cpp">
      <Filter>Pliki źródłowe\Classes</Filter>
    </ClCompile>
  </ItemGroup>
  <ItemGroup>
    <ClInclude Include="headers.h">
      <Filter>Pliki nagłówkowe</Filter>
    </ClInclude>
    <ClInclude Include="resource.h">
      <Filter>Pliki nagłówkowe</Filter>
    </ClInclude>
    <ClInclude Include="nominaly.h">
      <Filter>Pliki nagłówkowe\Classes</Filter>
    </ClInclude>
    <ClInclude Include="automat.h">
      <Filter>Pliki nagłówkowe\Classes</Filter>
    </ClInclude>
    <ClInclude Include="produkt.h">
      <Filter>Pliki nagłówkowe\Classes</Filter>
    </ClInclude>
  </ItemGroup>
  <ItemGroup>
    <Text Include="What2do.txt">
      <Filter>Pliki zasobów</Filter>
    </Text>
    <Text Include="Automat.txt">
      <Filter>Pliki zasobów</Filter>
    </Text>
  </ItemGroup>
</Project>